
Microsoft Visual Studio Solution File, Format Version 12.00
# Visual Studio Version 17
VisualStudioVersion = 17.4.32916.344
MinimumVisualStudioVersion = 10.0.40219.1
Project("{9A19103F-16F7-4668-BE54-9A1E7A4F7556}") = "OpenClosePrinciple", "OpenClosePrinciple\OpenClosePrinciple.csproj", "{7F3B03B9-BBFB-441A-A434-9B0FF47BC3E4}"
EndProject
Project("{FAE04EC0-301F-11D3-BF4B-00C04F79EFBC}") = "LiskovSubstitutionPrinciple", "LiskovSubstitutionPrinciple\LiskovSubstitutionPrinciple.csproj", "{5CEE6C3A-548D-4CBA-88EA-72A93B5BEB2F}"
EndProject
Global
	GlobalSection(SolutionConfigurationPlatforms) = preSolution
		Debug|Any CPU = Debug|Any CPU
		Release|Any CPU = Release|Any CPU
	EndGlobalSection
	GlobalSection(ProjectConfigurationPlatforms) = postSolution
		{7F3B03B9-BBFB-441A-A434-9B0FF47BC3E4}.Debug|Any CPU.ActiveCfg = Debug|Any CPU
		{7F3B03B9-BBFB-441A-A434-9B0FF47BC3E4}.Debug|Any CPU.Build.0 = Debug|Any CPU
		{7F3B03B9-BBFB-441A-A434-9B0FF47BC3E4}.Release|Any CPU.ActiveCfg = Release|Any CPU
		{7F3B03B9-BBFB-441A-A434-9B0FF47BC3E4}.Release|Any CPU.Build.0 = Release|Any CPU
		{5CEE6C3A-548D-4CBA-88EA-72A93B5BEB2F}.Debug|Any CPU.ActiveCfg = Debug|Any CPU
		{5CEE6C3A-548D-4CBA-88EA-72A93B5BEB2F}.Debug|Any CPU.Build.0 = Debug|Any CPU
		{5CEE6C3A-548D-4CBA-88EA-72A93B5BEB2F}.Release|Any CPU.ActiveCfg = Release|Any CPU
		{5CEE6C3A-548D-4CBA-88EA-72A93B5BEB2F}.Release|Any CPU.Build.0 = Release|Any CPU
	EndGlobalSection
	GlobalSection(SolutionProperties) = preSolution
		HideSolutionNode = FALSE
	EndGlobalSection
	GlobalSection(ExtensibilityGlobals) = postSolution
		SolutionGuid = {7DA5F588-876D-419B-A055-39A0F580E3D1}
	EndGlobalSection
EndGlobal
